PackratFormat: 1.4
PackratVersion: 0.4.7.1
RVersion: 3.3.1
Repos: CRAN=http://cran.rstudio.com/

Package: PKI
Source: CRAN
Version: 0.1-3
Hash: aca3e459c659b6d8266538520f72ba19
Requires: base64enc

Package: R6
Source: CRAN
Version: 2.1.2
Hash: c515e41c73294952cbb33ee1c1be5a2d

Package: RCurl
Source: CRAN
Version: 1.95-4.8
Hash: 79c7d5a8684e44e0e3426d3093aa7d90
Requires: bitops

Package: RJSONIO
Source: CRAN
Version: 1.3-0
Hash: fb672e20eb6f3010a3639f855d8ef6de

Package: Rcpp
Source: CRAN
Version: 0.12.6
Hash: 79f89fabd832de0a2e60aa05d9027f32

Package: assertthat
Source: CRAN
Version: 0.1
Hash: 0afb92b59b02593c70ff8046700ba9d3

Package: base64enc
Source: CRAN
Version: 0.1-3
Hash: c590d29e555926af053055e23ee79efb

Package: bitops
Source: CRAN
Version: 1.0-6
Hash: 67d0775189fd0041d95abca618c5c07e

Package: bookdown
Source: github
Version: 0.1.4
Hash: 4d5dd95e098460416dbe538662be5bbe
Requires: htmltools, knitr, miniUI, rmarkdown, rsconnect, yaml
GithubRepo: bookdown
GithubUsername: rstudio
GithubRef: master
GithubSha1: 108427494ed57e34076aca208b755c5bf44f4dfa

Package: caTools
Source: CRAN
Version: 1.17.1
Hash: 97cb6f6293cd18d17df77a6383cc6763
Requires: bitops

Package: digest
Source: CRAN
Version: 0.6.10
Hash: 87165608ca8aeb0958835c3c5b52b6b7

Package: evaluate
Source: CRAN
Version: 0.9
Hash: cf338d73ba4ee3a4fefec612cdfd38db
Requires: stringr

Package: formatR
Source: CRAN
Version: 1.4
Hash: b2a47a2b91737978cf50ba95825a9cd1

Package: highr
Source: CRAN
Version: 0.6
Hash: aa3d5b7912b5fed4b546ed5cd2a1760b

Package: htmltools
Source: CRAN
Version: 0.3.5
Hash: f81546c00234653ca3a7dcd0b7e1a757
Requires: Rcpp, digest

Package: httpuv
Source: CRAN
Version: 1.3.3
Hash: fbb5e8447f797c5148046b1ce999d000
Requires: Rcpp

Package: jsonlite
Source: CRAN
Version: 1.0
Hash: f32817e181c39ede83fdd3e699348b69

Package: knitr
Source: CRAN
Version: 1.14
Hash: e7b411f5a5512295a260a45683fa0c4a
Requires: digest, evaluate, formatR, highr, markdown, stringr, yaml

Package: lazyeval
Source: CRAN
Version: 0.2.0
Hash: 3d6e7608e65bbf5cb170dab1e3c9ed8b

Package: magrittr
Source: CRAN
Version: 1.5
Hash: bdc4d48c3135e8f3b399536ddf160df4

Package: markdown
Source: CRAN
Version: 0.7.7
Hash: fea2343a1119d61b0cc5c0a950d103a3
Requires: mime

Package: mime
Source: CRAN
Version: 0.5
Hash: 463550cf44fb6f0a2359368f42eebe62

Package: miniUI
Source: CRAN
Version: 0.1.1
Hash: e85626581f80b1fe6c92a96ec348efc5
Requires: htmltools, shiny

Package: packrat
Source: CRAN
Version: 0.4.7-1
Hash: 16ca16d36eb18d1d16113606ecc5c400

Package: rmarkdown
Source: github
Version: 1.0.9006
Hash: 82e1d40df45d94cfcab99f8835853baa
Requires: base64enc, caTools, evaluate, htmltools, jsonlite, knitr,
    tibble, yaml
GithubRepo: rmarkdown
GithubUsername: rstudio
GithubRef: master
GithubSha1: 8e8811f4c34f5c8925e5974b6787823226681b72

Package: rsconnect
Source: CRAN
Version: 0.4.3
Hash: 72014f20a28de36f205f269ccc4b1a32
Requires: PKI, RCurl, RJSONIO, digest, packrat, rstudioapi, yaml

Package: rstudioapi
Source: CRAN
Version: 0.6
Hash: fd256f8bfb9a64cc35f98b0decb1a79f

Package: shiny
Source: CRAN
Version: 0.13.2
Hash: 28d6903a44dc53bd4823fa43ccdc08e5
Requires: R6, digest, htmltools, httpuv, jsonlite, mime, xtable

Package: stringi
Source: CRAN
Version: 1.1.1
Hash: 48f2afc5dfecb65ba32a87d38b3533ff

Package: stringr
Source: CRAN
Version: 1.0.0
Hash: 2676dd5f88890910962b733b0f9540e1
Requires: magrittr, stringi

Package: tibble
Source: CRAN
Version: 1.1
Hash: 5467b4aa158b2d984538f7ffde17171c
Requires: Rcpp, assertthat, lazyeval

Package: xtable
Source: CRAN
Version: 1.8-2
Hash: 7293235cfcc14cdff1ce7fd1a0212031

Package: yaml
Source: CRAN
Version: 2.1.13
Hash: 4854ccabebc225e8a7309fb4a74980de
